// !$*UTF8*$!
{
	archiveVersion = 1;
	classes = {
	};
	objectVersion = 46;
	objects = {

/* Begin PBXBuildFile section */
		6DD828CC1B55899600B23F80 /* AppDelegate.swift in Sources */ = {isa = PBXBuildFile; fileRef = 6DD828CB1B55899600B23F80 /* AppDelegate.swift */; };
		6DD828CE1B55899600B23F80 /* ViewController.swift in Sources */ = {isa = PBXBuildFile; fileRef = 6DD828CD1B55899600B23F80 /* ViewController.swift */; };
		6DD828D11B55899600B23F80 /* Main.storyboard in Resources */ = {isa = PBXBuildFile; fileRef = 6DD828CF1B55899600B23F80 /* Main.storyboard */; };
		6DD828D31B55899600B23F80 /* Assets.xcassets in Resources */ = {isa = PBXBuildFile; fileRef = 6DD828D21B55899600B23F80 /* Assets.xcassets */; };
		6DD828D61B55899600B23F80 /* LaunchScreen.storyboard in Resources */ = {isa = PBXBuildFile; fileRef = 6DD828D41B55899600B23F80 /* LaunchScreen.storyboard */; };
		6DD828DB1B55899600B23F80 /* HighFiveLive WatchKit App.app in Embed Watch Content */ = {isa = PBXBuildFile; fileRef = 6DD828DA1B55899600B23F80 /* HighFiveLive WatchKit App.app */; };
		6DD828E11B55899600B23F80 /* Interface.storyboard in Resources */ = {isa = PBXBuildFile; fileRef = 6DD828DF1B55899600B23F80 /* Interface.storyboard */; };
		6DD828E31B55899600B23F80 /* Assets.xcassets in Resources */ = {isa = PBXBuildFile; fileRef = 6DD828E21B55899600B23F80 /* Assets.xcassets */; };
		6DD828EA1B55899600B23F80 /* HighFiveLive WatchKit Extension.appex in Embed App Extensions */ = {isa = PBXBuildFile; fileRef = 6DD828E91B55899600B23F80 /* HighFiveLive WatchKit Extension.appex */; settings = {ATTRIBUTES = (RemoveHeadersOnCopy, ); }; };
		6DD828F11B55899600B23F80 /* InterfaceController.swift in Sources */ = {isa = PBXBuildFile; fileRef = 6DD828F01B55899600B23F80 /* InterfaceController.swift */; };
		6DD828F31B55899600B23F80 /* ExtensionDelegate.swift in Sources */ = {isa = PBXBuildFile; fileRef = 6DD828F21B55899600B23F80 /* ExtensionDelegate.swift */; };
		6DD828F51B55899600B23F80 /* NotificationController.swift in Sources */ = {isa = PBXBuildFile; fileRef = 6DD828F41B55899600B23F80 /* NotificationController.swift */; };
		6DD828F71B55899600B23F80 /* Assets.xcassets in Resources */ = {isa = PBXBuildFile; fileRef = 6DD828F61B55899600B23F80 /* Assets.xcassets */; };
/* End PBXBuildFile section */

/* Begin PBXContainerItemProxy section */
		6DD828DC1B55899600B23F80 /* PBXContainerItemProxy */ = {
			isa = PBXContainerItemProxy;
			containerPortal = 6DD828C01B55899500B23F80 /* Project object */;
			proxyType = 1;
			remoteGlobalIDString = 6DD828D91B55899600B23F80;
			remoteInfo = "HighFiveLive WatchKit App";
		};
		6DD828EB1B55899600B23F80 /* PBXContainerItemProxy */ = {
			isa = PBXContainerItemProxy;
			containerPortal = 6DD828C01B55899500B23F80 /* Project object */;
			proxyType = 1;
			remoteGlobalIDString = 6DD828E81B55899600B23F80;
			remoteInfo = "HighFiveLive WatchKit Extension";
		};
/* End PBXContainerItemProxy section */

/* Begin PBXCopyFilesBuildPhase section */
		6DD828FE1B55899600B23F80 /* Embed App Extensions */ = {
			isa = PBXCopyFilesBuildPhase;
			buildActionMask = 2147483647;
			dstPath = "";
			dstSubfolderSpec = 13;
			files = (
				6DD828EA1B55899600B23F80 /* HighFiveLive WatchKit Extension.appex in Embed App Extensions */,
			);
			name = "Embed App Extensions";
			runOnlyForDeploymentPostprocessing = 0;
		};
		6DD829021B55899600B23F80 /* Embed Watch Content */ = {
			isa = PBXCopyFilesBuildPhase;
			buildActionMask = 2147483647;
			dstPath = "$(CONTENTS_FOLDER_PATH)/Watch";
			dstSubfolderSpec = 16;
			files = (
				6DD828DB1B55899600B23F80 /* HighFiveLive WatchKit App.app in Embed Watch Content */,
			);
			name = "Embed Watch Content";
			runOnlyForDeploymentPostprocessing = 0;
		};
/* End PBXCopyFilesBuildPhase section */

/* Begin PBXFileReference section */
		6D1AB8E31B55DD3600AE881A /* HighFiveLive-Bridging-Header.h */ = {isa = PBXFileReference; lastKnownFileType = sourcecode.c.h; path = "HighFiveLive-Bridging-Header.h"; sourceTree = "<group>"; };
		6DD828C81B55899500B23F80 /* HighFiveLive.app */ = {isa = PBXFileReference; explicitFileType = wrapper.application; includeInIndex = 0; path = HighFiveLive.app; sourceTree = BUILT_PRODUCTS_DIR; };
		6DD828CB1B55899600B23F80 /* AppDelegate.swift */ = {isa = PBXFileReference; lastKnownFileType = sourcecode.swift; path = AppDelegate.swift; sourceTree = "<group>"; };
		6DD828CD1B55899600B23F80 /* ViewController.swift */ = {isa = PBXFileReference; lastKnownFileType = sourcecode.swift; path = ViewController.swift; sourceTree = "<group>"; };
		6DD828D01B55899600B23F80 /* Base */ = {isa = PBXFileReference; lastKnownFileType = file.storyboard; name = Base; path = Base.lproj/Main.storyboard; sourceTree = "<group>"; };
		6DD828D21B55899600B23F80 /* Assets.xcassets */ = {isa = PBXFileReference; lastKnownFileType = folder.assetcatalog; path = Assets.xcassets; sourceTree = "<group>"; };
		6DD828D51B55899600B23F80 /* Base */ = {isa = PBXFileReference; lastKnownFileType = file.storyboard; name = Base; path = Base.lproj/LaunchScreen.storyboard; sourceTree = "<group>"; };
		6DD828D71B55899600B23F80 /* Info.plist */ = {isa = PBXFileReference; lastKnownFileType = text.plist.xml; path = Info.plist; sourceTree = "<group>"; };
		6DD828DA1B55899600B23F80 /* HighFiveLive WatchKit App.app */ = {isa = PBXFileReference; explicitFileType = wrapper.application; includeInIndex = 0; path = "HighFiveLive WatchKit App.app"; sourceTree = BUILT_PRODUCTS_DIR; };
		6DD828E01B55899600B23F80 /* Base */ = {isa = PBXFileReference; lastKnownFileType = file.storyboard; name = Base; path = Base.lproj/Interface.storyboard; sourceTree = "<group>"; };
		6DD828E21B55899600B23F80 /* Assets.xcassets */ = {isa = PBXFileReference; lastKnownFileType = folder.assetcatalog; path = Assets.xcassets; sourceTree = "<group>"; };
		6DD828E41B55899600B23F80 /* Info.plist */ = {isa = PBXFileReference; lastKnownFileType = text.plist.xml; path = Info.plist; sourceTree = "<group>"; };
		6DD828E91B55899600B23F80 /* HighFiveLive WatchKit Extension.appex */ = {isa = PBXFileReference; explicitFileType = "wrapper.app-extension"; includeInIndex = 0; path = "HighFiveLive WatchKit Extension.appex"; sourceTree = BUILT_PRODUCTS_DIR; };
		6DD828EF1B55899600B23F80 /* PushNotificationPayload.apns */ = {isa = PBXFileReference; lastKnownFileType = text; path = PushNotificationPayload.apns; sourceTree = "<group>"; };
		6DD828F01B55899600B23F80 /* InterfaceController.swift */ = {isa = PBXFileReference; lastKnownFileType = sourcecode.swift; path = InterfaceController.swift; sourceTree = "<group>"; };
		6DD828F21B55899600B23F80 /* ExtensionDelegate.swift */ = {isa = PBXFileReference; lastKnownFileType = sourcecode.swift; path = ExtensionDelegate.swift; sourceTree = "<group>"; };
		6DD828F41B55899600B23F80 /* NotificationController.swift */ = {isa = PBXFileReference; lastKnownFileType = sourcecode.swift; path = NotificationController.swift; sourceTree = "<group>"; };
		6DD828F61B55899600B23F80 /* Assets.xcassets */ = {isa = PBXFileReference; lastKnownFileType = folder.assetcatalog; path = Assets.xcassets; sourceTree = "<group>"; };
		6DD828F81B55899600B23F80 /* Info.plist */ = {isa = PBXFileReference; lastKnownFileType = text.plist.xml; path = Info.plist; sourceTree = "<group>"; };
/* End PBXFileReference section */

/* Begin PBXFrameworksBuildPhase section */
		6DD828C51B55899500B23F80 /* Frameworks */ = {
			isa = PBXFrameworksBuildPhase;
			buildActionMask = 2147483647;
			files = (
			);
			runOnlyForDeploymentPostprocessing = 0;
		};
		6DD828E61B55899600B23F80 /* Frameworks */ = {
			isa = PBXFrameworksBuildPhase;
			buildActionMask = 2147483647;
			files = (
			);
			runOnlyForDeploymentPostprocessing = 0;
		};
/* End PBXFrameworksBuildPhase section */

/* Begin PBXGroup section */
		6DD828BF1B55899500B23F80 = {
			isa = PBXGroup;
			children = (
				6DD828CA1B55899500B23F80 /* HighFiveLive */,
				6DD828DE1B55899600B23F80 /* HighFiveLive WatchKit App */,
				6DD828ED1B55899600B23F80 /* HighFiveLive WatchKit Extension */,
				6DD828C91B55899500B23F80 /* Products */,
				6D1AB8E31B55DD3600AE881A /* HighFiveLive-Bridging-Header.h */,
			);
			sourceTree = "<group>";
		};
		6DD828C91B55899500B23F80 /* Products */ = {
			isa = PBXGroup;
			children = (
				6DD828C81B55899500B23F80 /* HighFiveLive.app */,
				6DD828DA1B55899600B23F80 /* HighFiveLive WatchKit App.app */,
				6DD828E91B55899600B23F80 /* HighFiveLive WatchKit Extension.appex */,
			);
			name = Products;
			sourceTree = "<group>";
		};
		6DD828CA1B55899500B23F80 /* HighFiveLive */ = {
			isa = PBXGroup;
			children = (
				6DD828CB1B55899600B23F80 /* AppDelegate.swift */,
				6DD828CD1B55899600B23F80 /* ViewController.swift */,
				6DD828CF1B55899600B23F80 /* Main.storyboard */,
				6DD828D21B55899600B23F80 /* Assets.xcassets */,
				6DD828D41B55899600B23F80 /* LaunchScreen.storyboard */,
				6DD828D71B55899600B23F80 /* Info.plist */,
			);
			path = HighFiveLive;
			sourceTree = "<group>";
		};
		6DD828DE1B55899600B23F80 /* HighFiveLive WatchKit App */ = {
			isa = PBXGroup;
			children = (
				6DD828DF1B55899600B23F80 /* Interface.storyboard */,
				6DD828E21B55899600B23F80 /* Assets.xcassets */,
				6DD828E41B55899600B23F80 /* Info.plist */,
			);
			path = "HighFiveLive WatchKit App";
			sourceTree = "<group>";
		};
		6DD828ED1B55899600B23F80 /* HighFiveLive WatchKit Extension */ = {
			isa = PBXGroup;
			children = (
				6DD828F01B55899600B23F80 /* InterfaceController.swift */,
				6DD828F21B55899600B23F80 /* ExtensionDelegate.swift */,
				6DD828F41B55899600B23F80 /* NotificationController.swift */,
				6DD828F61B55899600B23F80 /* Assets.xcassets */,
				6DD828F81B55899600B23F80 /* Info.plist */,
				6DD828EE1B55899600B23F80 /* Supporting Files */,
			);
			path = "HighFiveLive WatchKit Extension";
			sourceTree = "<group>";
		};
		6DD828EE1B55899600B23F80 /* Supporting Files */ = {
			isa = PBXGroup;
			children = (
				6DD828EF1B55899600B23F80 /* PushNotificationPayload.apns */,
			);
			name = "Supporting Files";
			sourceTree = "<group>";
		};
/* End PBXGroup section */

/* Begin PBXNativeTarget section */
		6DD828C71B55899500B23F80 /* HighFiveLive */ = {
			isa = PBXNativeTarget;
			buildConfigurationList = 6DD829031B55899600B23F80 /* Build configuration list for PBXNativeTarget "HighFiveLive" */;
			buildPhases = (
				6DD828C41B55899500B23F80 /* Sources */,
				6DD828C51B55899500B23F80 /* Frameworks */,
				6DD828C61B55899500B23F80 /* Resources */,
				6DD829021B55899600B23F80 /* Embed Watch Content */,
			);
			buildRules = (
			);
			dependencies = (
				6DD828DD1B55899600B23F80 /* PBXTargetDependency */,
			);
			name = HighFiveLive;
			productName = HighFiveLive;
			productReference = 6DD828C81B55899500B23F80 /* HighFiveLive.app */;
			productType = "com.apple.product-type.application";
		};
		6DD828D91B55899600B23F80 /* HighFiveLive WatchKit App */ = {
			isa = PBXNativeTarget;
			buildConfigurationList = 6DD828FF1B55899600B23F80 /* Build configuration list for PBXNativeTarget "HighFiveLive WatchKit App" */;
			buildPhases = (
				6DD828D81B55899600B23F80 /* Resources */,
				6DD828FE1B55899600B23F80 /* Embed App Extensions */,
			);
			buildRules = (
			);
			dependencies = (
				6DD828EC1B55899600B23F80 /* PBXTargetDependency */,
			);
			name = "HighFiveLive WatchKit App";
			productName = "HighFiveLive WatchKit App";
			productReference = 6DD828DA1B55899600B23F80 /* HighFiveLive WatchKit App.app */;
			productType = "com.apple.product-type.application.watchapp2";
		};
		6DD828E81B55899600B23F80 /* HighFiveLive WatchKit Extension */ = {
			isa = PBXNativeTarget;
			buildConfigurationList = 6DD828FB1B55899600B23F80 /* Build configuration list for PBXNativeTarget "HighFiveLive WatchKit Extension" */;
			buildPhases = (
				6DD828E51B55899600B23F80 /* Sources */,
				6DD828E61B55899600B23F80 /* Frameworks */,
				6DD828E71B55899600B23F80 /* Resources */,
			);
			buildRules = (
			);
			dependencies = (
			);
			name = "HighFiveLive WatchKit Extension";
			productName = "HighFiveLive WatchKit Extension";
			productReference = 6DD828E91B55899600B23F80 /* HighFiveLive WatchKit Extension.appex */;
			productType = "com.apple.product-type.watchkit2-extension";
		};
/* End PBXNativeTarget section */

/* Begin PBXProject section */
		6DD828C01B55899500B23F80 /* Project object */ = {
			isa = PBXProject;
			attributes = {
				LastSwiftUpdateCheck = 0700;
				LastUpgradeCheck = 0700;
				ORGANIZATIONNAME = "Jack Work";
				TargetAttributes = {
					6DD828C71B55899500B23F80 = {
						CreatedOnToolsVersion = 7.0;
					};
					6DD828D91B55899600B23F80 = {
						CreatedOnToolsVersion = 7.0;
					};
					6DD828E81B55899600B23F80 = {
						CreatedOnToolsVersion = 7.0;
						DevelopmentTeam = 79Z5575VZS;
					};
				};
			};
			buildConfigurationList = 6DD828C31B55899500B23F80 /* Build configuration list for PBXProject "HighFiveLive" */;
			compatibilityVersion = "Xcode 3.2";
			developmentRegion = English;
			hasScannedForEncodings = 0;
			knownRegions = (
				en,
				Base,
			);
			mainGroup = 6DD828BF1B55899500B23F80;
			productRefGroup = 6DD828C91B55899500B23F80 /* Products */;
			projectDirPath = "";
			projectRoot = "";
			targets = (
				6DD828C71B55899500B23F80 /* HighFiveLive */,
				6DD828D91B55899600B23F80 /* HighFiveLive WatchKit App */,
				6DD828E81B55899600B23F80 /* HighFiveLive WatchKit Extension */,
			);
		};
/* End PBXProject section */

/* Begin PBXResourcesBuildPhase section */
		6DD828C61B55899500B23F80 /* Resources */ = {
			isa = PBXResourcesBuildPhase;
			buildActionMask = 2147483647;
			files = (
				6DD828D61B55899600B23F80 /* LaunchScreen.storyboard in Resources */,
				6DD828D31B55899600B23F80 /* Assets.xcassets in Resources */,
				6DD828D11B55899600B23F80 /* Main.storyboard in Resources */,
			);
			runOnlyForDeploymentPostprocessing = 0;
		};
		6DD828D81B55899600B23F80 /* Resources */ = {
			isa = PBXResourcesBuildPhase;
			buildActionMask = 2147483647;
			files = (
				6DD828E31B55899600B23F80 /* Assets.xcassets in Resources */,
				6DD828E11B55899600B23F80 /* Interface.storyboard in Resources */,
			);
			runOnlyForDeploymentPostprocessing = 0;
		};
		6DD828E71B55899600B23F80 /* Resources */ = {
			isa = PBXResourcesBuildPhase;
			buildActionMask = 2147483647;
			files = (
				6DD828F71B55899600B23F80 /* Assets.xcassets in Resources */,
			);
			runOnlyForDeploymentPostprocessing = 0;
		};
/* End PBXResourcesBuildPhase section */

/* Begin PBXSourcesBuildPhase section */
		6DD828C41B55899500B23F80 /* Sources */ = {
			isa = PBXSourcesBuildPhase;
			buildActionMask = 2147483647;
			files = (
				6DD828CE1B55899600B23F80 /* ViewController.swift in Sources */,
				6DD828CC1B55899600B23F80 /* AppDelegate.swift in Sources */,
			);
			runOnlyForDeploymentPostprocessing = 0;
		};
		6DD828E51B55899600B23F80 /* Sources */ = {
			isa = PBXSourcesBuildPhase;
			buildActionMask = 2147483647;
			files = (
				6DD828F51B55899600B23F80 /* NotificationController.swift in Sources */,
				6DD828F31B55899600B23F80 /* ExtensionDelegate.swift in Sources */,
				6DD828F11B55899600B23F80 /* InterfaceController.swift in Sources */,
			);
			runOnlyForDeploymentPostprocessing = 0;
		};
/* End PBXSourcesBuildPhase section */

/* Begin PBXTargetDependency section */
		6DD828DD1B55899600B23F80 /* PBXTargetDependency */ = {
			isa = PBXTargetDependency;
			target = 6DD828D91B55899600B23F80 /* HighFiveLive WatchKit App */;
			targetProxy = 6DD828DC1B55899600B23F80 /* PBXContainerItemProxy */;
		};
		6DD828EC1B55899600B23F80 /* PBXTargetDependency */ = {
			isa = PBXTargetDependency;
			target = 6DD828E81B55899600B23F80 /* HighFiveLive WatchKit Extension */;
			targetProxy = 6DD828EB1B55899600B23F80 /* PBXContainerItemProxy */;
		};
/* End PBXTargetDependency section */

/* Begin PBXVariantGroup section */
		6DD828CF1B55899600B23F80 /* Main.storyboard */ = {
			isa = PBXVariantGroup;
			children = (
				6DD828D01B55899600B23F80 /* Base */,
			);
			name = Main.storyboard;
			sourceTree = "<group>";
		};
		6DD828D41B55899600B23F80 /* LaunchScreen.storyboard */ = {
			isa = PBXVariantGroup;
			children = (
				6DD828D51B55899600B23F80 /* Base */,
			);
			name = LaunchScreen.storyboard;
			sourceTree = "<group>";
		};
		6DD828DF1B55899600B23F80 /* Interface.storyboard */ = {
			isa = PBXVariantGroup;
			children = (
				6DD828E01B55899600B23F80 /* Base */,
			);
			name = Interface.storyboard;
			sourceTree = "<group>";
		};
/* End PBXVariantGroup section */

/* Begin XCBuildConfiguration section */
		6DD828F91B55899600B23F80 /* Debug */ = {
			isa = XCBuildConfiguration;
			buildSettings = {
				ALWAYS_SEARCH_USER_PATHS = NO;
				CLANG_CXX_LANGUAGE_STANDARD = "gnu++0x";
				CLANG_CXX_LIBRARY = "libc++";
				CLANG_ENABLE_MODULES = YES;
				CLANG_ENABLE_OBJC_ARC = YES;
				CLANG_WARN_BOOL_CONVERSION = YES;
				CLANG_WARN_CONSTANT_CONVERSION = YES;
				CLANG_WARN_DIRECT_OBJC_ISA_USAGE = YES_ERROR;
				CLANG_WARN_EMPTY_BODY = YES;
				CLANG_WARN_ENUM_CONVERSION = YES;
				CLANG_WARN_INT_CONVERSION = YES;
				CLANG_WARN_OBJC_ROOT_CLASS = YES_ERROR;
				CLANG_WARN_UNREACHABLE_CODE = YES;
				CLANG_WARN__DUPLICATE_METHOD_MATCH = YES;
				"CODE_SIGN_IDENTITY[sdk=iphoneos*]" = "iPhone Developer";
				COPY_PHASE_STRIP = NO;
				DEBUG_INFORMATION_FORMAT = dwarf;
				ENABLE_STRICT_OBJC_MSGSEND = YES;
				ENABLE_TESTABILITY = YES;
				GCC_C_LANGUAGE_STANDARD = gnu99;
				GCC_DYNAMIC_NO_PIC = NO;
				GCC_NO_COMMON_BLOCKS = YES;
				GCC_OPTIMIZATION_LEVEL = 0;
				GCC_PREPROCESSOR_DEFINITIONS = (
					"DEBUG=1",
					"$(inherited)",
				);
				GCC_WARN_64_TO_32_BIT_CONVERSION = YES;
				GCC_WARN_ABOUT_RETURN_TYPE = YES_ERROR;
				GCC_WARN_UNDECLARED_SELECTOR = YES;
				GCC_WARN_UNINITIALIZED_AUTOS = YES_AGGRESSIVE;
				GCC_WARN_UNUSED_FUNCTION = YES;
				GCC_WARN_UNUSED_VARIABLE = YES;
				IPHONEOS_DEPLOYMENT_TARGET = 9.0;
				MTL_ENABLE_DEBUG_INFO = YES;
				ONLY_ACTIVE_ARCH = YES;
				SDKROOT = iphoneos;
				SWIFT_OPTIMIZATION_LEVEL = "-Onone";
			};
			name = Debug;
		};
		6DD828FA1B55899600B23F80 /* Release */ = {
			isa = XCBuildConfiguration;
			buildSettings = {
				ALWAYS_SEARCH_USER_PATHS = NO;
				CLANG_CXX_LANGUAGE_STANDARD = "gnu++0x";
				CLANG_CXX_LIBRARY = "libc++";
				CLANG_ENABLE_MODULES = YES;
				CLANG_ENABLE_OBJC_ARC = YES;
				CLANG_WARN_BOOL_CONVERSION = YES;
				CLANG_WARN_CONSTANT_CONVERSION = YES;
				CLANG_WARN_DIRECT_OBJC_ISA_USAGE = YES_ERROR;
				CLANG_WARN_EMPTY_BODY = YES;
				CLANG_WARN_ENUM_CONVERSION = YES;
				CLANG_WARN_INT_CONVERSION = YES;
				CLANG_WARN_OBJC_ROOT_CLASS = YES_ERROR;
				CLANG_WARN_UNREACHABLE_CODE = YES;
				CLANG_WARN__DUPLICATE_METHOD_MATCH = YES;
				"CODE_SIGN_IDENTITY[sdk=iphoneos*]" = "iPhone Developer";
				COPY_PHASE_STRIP = NO;
				DEBUG_INFORMATION_FORMAT = "dwarf-with-dsym";
				ENABLE_NS_ASSERTIONS = NO;
				ENABLE_STRICT_OBJC_MSGSEND = YES;
				GCC_C_LANGUAGE_STANDARD = gnu99;
				GCC_NO_COMMON_BLOCKS = YES;
				GCC_WARN_64_TO_32_BIT_CONVERSION = YES;
				GCC_WARN_ABOUT_RETURN_TYPE = YES_ERROR;
				GCC_WARN_UNDECLARED_SELECTOR = YES;
				GCC_WARN_UNINITIALIZED_AUTOS = YES_AGGRESSIVE;
				GCC_WARN_UNUSED_FUNCTION = YES;
				GCC_WARN_UNUSED_VARIABLE = YES;
				IPHONEOS_DEPLOYMENT_TARGET = 9.0;
				MTL_ENABLE_DEBUG_INFO = NO;
				SDKROOT = iphoneos;
				VALIDATE_PRODUCT = YES;
			};
			name = Release;
		};
		6DD828FC1B55899600B23F80 /* Debug */ = {
			isa = XCBuildConfiguration;
			buildSettings = {
				CODE_SIGN_IDENTITY = "iPhone Developer";
				"CODE_SIGN_IDENTITY[sdk=watchos*]" = "iPhone Developer";
				INFOPLIST_FILE = "HighFiveLive WatchKit Extension/Info.plist";
				LD_RUNPATH_SEARCH_PATHS = "$(inherited) @executable_path/Frameworks @executable_path/../../Frameworks";
				PRODUCT_BUNDLE_IDENTIFIER = com.jackbandy.HighFiveLive.watchkitapp.watchkitextension;
				PRODUCT_NAME = "${TARGET_NAME}";
				PROVISIONING_PROFILE = "";
				SDKROOT = watchos;
				SKIP_INSTALL = YES;
				TARGETED_DEVICE_FAMILY = 4;
				WATCHOS_DEPLOYMENT_TARGET = 2.0;
			};
			name = Debug;
		};
		6DD828FD1B55899600B23F80 /* Release */ = {
			isa = XCBuildConfiguration;
			buildSettings = {
				CODE_SIGN_IDENTITY = "iPhone Developer";
				"CODE_SIGN_IDENTITY[sdk=watchos*]" = "iPhone Developer";
				INFOPLIST_FILE = "HighFiveLive WatchKit Extension/Info.plist";
				LD_RUNPATH_SEARCH_PATHS = "$(inherited) @executable_path/Frameworks @executable_path/../../Frameworks";
				PRODUCT_BUNDLE_IDENTIFIER = com.jackbandy.HighFiveLive.watchkitapp.watchkitextension;
				PRODUCT_NAME = "${TARGET_NAME}";
				PROVISIONING_PROFILE = "";
				SDKROOT = watchos;
				SKIP_INSTALL = YES;
				TARGETED_DEVICE_FAMILY = 4;
				WATCHOS_DEPLOYMENT_TARGET = 2.0;
			};
			name = Release;
		};
		6DD829001B55899600B23F80 /* Debug */ = {
			isa = XCBuildConfiguration;
			buildSettings = {
				ASSETCATALOG_COMPILER_APPICON_NAME = AppIcon;
				EMBEDDED_CONTENT_CONTAINS_SWIFT = YES;
				IBSC_MODULE = HighFiveLive_WatchKit_Extension;
				INFOPLIST_FILE = "HighFiveLive WatchKit App/Info.plist";
				PRODUCT_BUNDLE_IDENTIFIER = com.jackbandy.HighFiveLive.watchkitapp;
				PRODUCT_NAME = "$(TARGET_NAME)";
				SDKROOT = watchos;
				SKIP_INSTALL = YES;
				TARGETED_DEVICE_FAMILY = 4;
				WATCHOS_DEPLOYMENT_TARGET = 2.0;
			};
			name = Debug;
		};
		6DD829011B55899600B23F80 /* Release */ = {
			isa = XCBuildConfiguration;
			buildSettings = {
				ASSETCATALOG_COMPILER_APPICON_NAME = AppIcon;
				EMBEDDED_CONTENT_CONTAINS_SWIFT = YES;
				IBSC_MODULE = HighFiveLive_WatchKit_Extension;
				INFOPLIST_FILE = "HighFiveLive WatchKit App/Info.plist";
				PRODUCT_BUNDLE_IDENTIFIER = com.jackbandy.HighFiveLive.watchkitapp;
				PRODUCT_NAME = "$(TARGET_NAME)";
				SDKROOT = watchos;
				SKIP_INSTALL = YES;
				TARGETED_DEVICE_FAMILY = 4;
				WATCHOS_DEPLOYMENT_TARGET = 2.0;
			};
			name = Release;
		};
		6DD829041B55899600B23F80 /* Debug */ = {
			isa = XCBuildConfiguration;
			buildSettings = {
				ASSETCATALOG_COMPILER_APPICON_NAME = AppIcon;
				CLANG_ENABLE_MODULES = YES;
				INFOPLIST_FILE = HighFiveLive/Info.plist;
				LD_RUNPATH_SEARCH_PATHS = "$(inherited) @executable_path/Frameworks";
				PRODUCT_BUNDLE_IDENTIFIER = com.jackbandy.HighFiveLive;
				PRODUCT_NAME = "$(TARGET_NAME)";
				SWIFT_OBJC_BRIDGING_HEADER = "HighFiveLive-Bridging-Header.h";
				SWIFT_OPTIMIZATION_LEVEL = "-Onone";
			};
			name = Debug;
		};
		6DD829051B55899600B23F80 /* Release */ = {
			isa = XCBuildConfiguration;
			buildSettings = {
				ASSETCATALOG_COMPILER_APPICON_NAME = AppIcon;
				CLANG_ENABLE_MODULES = YES;
				INFOPLIST_FILE = HighFiveLive/Info.plist;
				LD_RUNPATH_SEARCH_PATHS = "$(inherited) @executable_path/Frameworks";
				PRODUCT_BUNDLE_IDENTIFIER = com.jackbandy.HighFiveLive;
				PRODUCT_NAME = "$(TARGET_NAME)";
				SWIFT_OBJC_BRIDGING_HEADER = "HighFiveLive-Bridging-Header.h";
			};
			name = Release;
		};
/* End XCBuildConfiguration section */

/* Begin XCConfigurationList section */
		6DD828C31B55899500B23F80 /* Build configuration list for PBXProject "HighFiveLive" */ = {
			isa = XCConfigurationList;
			buildConfigurations = (
				6DD828F91B55899600B23F80 /* Debug */,
				6DD828FA1B55899600B23F80 /* Release */,
			);
			defaultConfigurationIsVisible = 0;
			defaultConfigurationName = Release;
		};
		6DD828FB1B55899600B23F80 /* Build configuration list for PBXNativeTarget "HighFiveLive WatchKit Extension" */ = {
			isa = XCConfigurationList;
			buildConfigurations = (
				6DD828FC1B55899600B23F80 /* Debug */,
				6DD828FD1B55899600B23F80 /* Release */,
			);
			defaultConfigurationIsVisible = 0;
			defaultConfigurationName = Release;
		};
		6DD828FF1B55899600B23F80 /* Build configuration list for PBXNativeTarget "HighFiveLive WatchKit App" */ = {
			isa = XCConfigurationList;
			buildConfigurations = (
				6DD829001B55899600B23F80 /* Debug */,
				6DD829011B55899600B23F80 /* Release */,
			);
			defaultConfigurationIsVisible = 0;
			defaultConfigurationName = Release;
		};
		6DD829031B55899600B23F80 /* Build configuration list for PBXNativeTarget "HighFiveLive" */ = {
			isa = XCConfigurationList;
			buildConfigurations = (
				6DD829041B55899600B23F80 /* Debug */,
				6DD829051B55899600B23F80 /* Release */,
			);
			defaultConfigurationIsVisible = 0;
			defaultConfigurationName = Release;
		};
/* End XCConfigurationList section */
	};
	rootObject = 6DD828C01B55899500B23F80 /* Project object */;
}
